// !$*UTF8*$!
{
	archiveVersion = 1;
	classes = {
	};
	objectVersion = 56;
	objects = {

/* Begin PBXBuildFile section */
		3F798C3B2B62791D00046C8C /* LCViewController.m in Sources */ = {isa = PBXBuildFile; fileRef = 3F798C3A2B62791D00046C8C /* LCViewController.m */; };
		3F798C3E2B627D4700046C8C /* CoreLocation.framework in Frameworks */ = {isa = PBXBuildFile; fileRef = 3F798C3D2B627D4700046C8C /* CoreLocation.framework */; };
		3FA391242B59486500C2CFB0 /* AppDelegate.m in Sources */ = {isa = PBXBuildFile; fileRef = 3FA391232B59486500C2CFB0 /* AppDelegate.m */; };
		3FA391272B59486500C2CFB0 /* SceneDelegate.m in Sources */ = {isa = PBXBuildFile; fileRef = 3FA391262B59486500C2CFB0 /* SceneDelegate.m */; };
		3FA3912A2B59486500C2CFB0 /* ViewController.m in Sources */ = {isa = PBXBuildFile; fileRef = 3FA391292B59486500C2CFB0 /* ViewController.m */; };
		3FA3912D2B59486500C2CFB0 /* Main.storyboard in Resources */ = {isa = PBXBuildFile; fileRef = 3FA3912B2B59486500C2CFB0 /* Main.storyboard */; };
		3FA3912F2B59486500C2CFB0 /* Assets.xcassets in Resources */ = {isa = PBXBuildFile; fileRef = 3FA3912E2B59486500C2CFB0 /* Assets.xcassets */; };
		3FA391322B59486500C2CFB0 /* LaunchScreen.storyboard in Resources */ = {isa = PBXBuildFile; fileRef = 3FA391302B59486500C2CFB0 /* LaunchScreen.storyboard */; };
		3FA391352B59486500C2CFB0 /* main.m in Sources */ = {isa = PBXBuildFile; fileRef = 3FA391342B59486500C2CFB0 /* main.m */; };
/* End PBXBuildFile section */

/* Begin PBXFileReference section */
		3F798C392B62791D00046C8C /* LCViewController.h */ = {isa = PBXFileReference; lastKnownFileType = sourcecode.c.h; path = LCViewController.h; sourceTree = "<group>"; };
		3F798C3A2B62791D00046C8C /* LCViewController.m */ = {isa = PBXFileReference; lastKnownFileType = sourcecode.c.objc; path = LCViewController.m; sourceTree = "<group>"; };
		3F798C3D2B627D4700046C8C /* CoreLocation.framework */ = {isa = PBXFileReference; lastKnownFileType = wrapper.framework; name = CoreLocation.framework; path = System/Library/Frameworks/CoreLocation.framework; sourceTree = SDKROOT; };
		3F798C3F2B6286A500046C8C /* ios3.xctestplan */ = {isa = PBXFileReference; lastKnownFileType = text; path = ios3.xctestplan; sourceTree = "<group>"; };
		3FA3911F2B59486500C2CFB0 /* ios3.app */ = {isa = PBXFileReference; explicitFileType = wrapper.application; includeInIndex = 0; path = ios3.app; sourceTree = BUILT_PRODUCTS_DIR; };
		3FA391222B59486500C2CFB0 /* AppDelegate.h */ = {isa = PBXFileReference; lastKnownFileType = sourcecode.c.h; path = AppDelegate.h; sourceTree = "<group>"; };
		3FA391232B59486500C2CFB0 /* AppDelegate.m */ = {isa = PBXFileReference; lastKnownFileType = sourcecode.c.objc; path = AppDelegate.m; sourceTree = "<group>"; };
		3FA391252B59486500C2CFB0 /* SceneDelegate.h */ = {isa = PBXFileReference; lastKnownFileType = sourcecode.c.h; path = SceneDelegate.h; sourceTree = "<group>"; };
		3FA391262B59486500C2CFB0 /* SceneDelegate.m */ = {isa = PBXFileReference; lastKnownFileType = sourcecode.c.objc; path = SceneDelegate.m; sourceTree = "<group>"; };
		3FA391282B59486500C2CFB0 /* ViewController.h */ = {isa = PBXFileReference; lastKnownFileType = sourcecode.c.h; path = ViewController.h; sourceTree = "<group>"; };
		3FA391292B59486500C2CFB0 /* ViewController.m */ = {isa = PBXFileReference; lastKnownFileType = sourcecode.c.objc; path = ViewController.m; sourceTree = "<group>"; };
		3FA3912C2B59486500C2CFB0 /* Base */ = {isa = PBXFileReference; lastKnownFileType = file.storyboard; name = Base; path = Base.lproj/Main.storyboard; sourceTree = "<group>"; };
		3FA3912E2B59486500C2CFB0 /* Assets.xcassets */ = {isa = PBXFileReference; lastKnownFileType = folder.assetcatalog; path = Assets.xcassets; sourceTree = "<group>"; };
		3FA391312B59486500C2CFB0 /* Base */ = {isa = PBXFileReference; lastKnownFileType = file.storyboard; name = Base; path = Base.lproj/LaunchScreen.storyboard; sourceTree = "<group>"; };
		3FA391332B59486500C2CFB0 /* Info.plist */ = {isa = PBXFileReference; lastKnownFileType = text.plist.xml; path = Info.plist; sourceTree = "<group>"; };
		3FA391342B59486500C2CFB0 /* main.m */ = {isa = PBXFileReference; lastKnownFileType = sourcecode.c.objc; path = main.m; sourceTree = "<group>"; };
/* End PBXFileReference section */

/* Begin PBXFrameworksBuildPhase section */
		3FA3911C2B59486500C2CFB0 /* Frameworks */ = {
			isa = PBXFrameworksBuildPhase;
			buildActionMask = 2147483647;
			files = (
				3F798C3E2B627D4700046C8C /* CoreLocation.framework in Frameworks */,
			);
			runOnlyForDeploymentPostprocessing = 0;
		};
/* End PBXFrameworksBuildPhase section */

/* Begin PBXGroup section */
		3F798C3C2B627D4700046C8C /* Frameworks */ = {
			isa = PBXGroup;
			children = (
				3F798C3D2B627D4700046C8C /* CoreLocation.framework */,
			);
			name = Frameworks;
			sourceTree = "<group>";
		};
		3FA391162B59486500C2CFB0 = {
			isa = PBXGroup;
			children = (
				3F798C3F2B6286A500046C8C /* ios3.xctestplan */,
				3FA391212B59486500C2CFB0 /* ios3 */,
				3FA391202B59486500C2CFB0 /* Products */,
				3F798C3C2B627D4700046C8C /* Frameworks */,
			);
			sourceTree = "<group>";
		};
		3FA391202B59486500C2CFB0 /* Products */ = {
			isa = PBXGroup;
			children = (
				3FA3911F2B59486500C2CFB0 /* ios3.app */,
			);
			name = Products;
			sourceTree = "<group>";
		};
		3FA391212B59486500C2CFB0 /* ios3 */ = {
			isa = PBXGroup;
			children = (
				3FA391222B59486500C2CFB0 /* AppDelegate.h */,
				3FA391232B59486500C2CFB0 /* AppDelegate.m */,
				3FA391252B59486500C2CFB0 /* SceneDelegate.h */,
				3FA391262B59486500C2CFB0 /* SceneDelegate.m */,
				3F798C392B62791D00046C8C /* LCViewController.h */,
				3F798C3A2B62791D00046C8C /* LCViewController.m */,
				3FA391282B59486500C2CFB0 /* ViewController.h */,
				3FA391292B59486500C2CFB0 /* ViewController.m */,
				3FA3912B2B59486500C2CFB0 /* Main.storyboard */,
				3FA3912E2B59486500C2CFB0 /* Assets.xcassets */,
				3FA391302B59486500C2CFB0 /* LaunchScreen.storyboard */,
				3FA391332B59486500C2CFB0 /* Info.plist */,
				3FA391342B59486500C2CFB0 /* main.m */,
			);
			path = ios3;
			sourceTree = "<group>";
		};
/* End PBXGroup section */

/* Begin PBXNativeTarget section */
		3FA3911E2B59486500C2CFB0 /* ios3 */ = {
			isa = PBXNativeTarget;
			buildConfigurationList = 3FA391382B59486500C2CFB0 /* Build configuration list for PBXNativeTarget "ios3" */;
			buildPhases = (
				3FA3911B2B59486500C2CFB0 /* Sources */,
				3FA3911C2B59486500C2CFB0 /* Frameworks */,
				3FA3911D2B59486500C2CFB0 /* Resources */,
			);
			buildRules = (
			);
			dependencies = (
			);
			name = ios3;
			productName = ios3;
			productReference = 3FA3911F2B59486500C2CFB0 /* ios3.app */;
			productType = "com.apple.product-type.application";
		};
/* End PBXNativeTarget section */

/* Begin PBXProject section */
		3FA391172B59486500C2CFB0 /* Project object */ = {
			isa = PBXProject;
			attributes = {
				BuildIndependentTargetsInParallel = 1;
				LastUpgradeCheck = 1510;
				TargetAttributes = {
					3FA3911E2B59486500C2CFB0 = {
						CreatedOnToolsVersion = 15.1;
					};
				};
			};
			buildConfigurationList = 3FA3911A2B59486500C2CFB0 /* Build configuration list for PBXProject "ios3" */;
			compatibilityVersion = "Xcode 14.0";
			developmentRegion = en;
			hasScannedForEncodings = 0;
			knownRegions = (
				en,
				Base,
			);
			mainGroup = 3FA391162B59486500C2CFB0;
			productRefGroup = 3FA391202B59486500C2CFB0 /* Products */;
			projectDirPath = "";
			projectRoot = "";
			targets = (
				3FA3911E2B59486500C2CFB0 /* ios3 */,
			);
		};
/* End PBXProject section */

/* Begin PBXResourcesBuildPhase section */
		3FA3911D2B59486500C2CFB0 /* Resources */ = {
			isa = PBXResourcesBuildPhase;
			buildActionMask = 2147483647;
			files = (
				3FA391322B59486500C2CFB0 /* LaunchScreen.storyboard in Resources */,
				3FA3912F2B59486500C2CFB0 /* Assets.xcassets in Resources */,
				3FA3912D2B59486500C2CFB0 /* Main.storyboard in Resources */,
			);
			runOnlyForDeploymentPostprocessing = 0;
		};
/* End PBXResourcesBuildPhase section */

/* Begin PBXSourcesBuildPhase section */
		3FA3911B2B59486500C2CFB0 /* Sources */ = {
			isa = PBXSourcesBuildPhase;
			buildActionMask = 2147483647;
			files = (
				3FA3912A2B59486500C2CFB0 /* ViewController.m in Sources */,
				3FA391242B59486500C2CFB0 /* AppDelegate.m in Sources */,
				3F798C3B2B62791D00046C8C /* LCViewController.m in Sources */,
				3FA391352B59486500C2CFB0 /* main.m in Sources */,
				3FA391272B59486500C2CFB0 /* SceneDelegate.m in Sources */,
			);
			runOnlyForDeploymentPostprocessing = 0;
		};
/* End PBXSourcesBuildPhase section */

/* Begin PBXVariantGroup section */
		3FA3912B2B59486500C2CFB0 /* Main.storyboard */ = {
			isa = PBXVariantGroup;
			children = (
				3FA3912C2B59486500C2CFB0 /* Base */,
			);
			name = Main.storyboard;
			sourceTree = "<group>";
		};
		3FA391302B59486500C2CFB0 /* LaunchScreen.storyboard */ = {
			isa = PBXVariantGroup;
			children = (
				3FA391312B59486500C2CFB0 /* Base */,
			);
			name = LaunchScreen.storyboard;
			sourceTree = "<group>";
		};
/* End PBXVariantGroup section */

/* Begin XCBuildConfiguration section */
		3FA391362B59486500C2CFB0 /* Debug */ = {
			isa = XCBuildConfiguration;
			buildSettings = {
				ALWAYS_SEARCH_USER_PATHS = NO;
				ASSETCATALOG_COMPILER_GENERATE_SWIFT_ASSET_SYMBOL_EXTENSIONS = YES;
				CLANG_ANALYZER_NONNULL = YES;
				CLANG_ANALYZER_NUMBER_OBJECT_CONVERSION = YES_AGGRESSIVE;
				CLANG_CXX_LANGUAGE_STANDARD = "gnu++20";
				CLANG_ENABLE_MODULES = YES;
				CLANG_ENABLE_OBJC_ARC = YES;
				CLANG_ENABLE_OBJC_WEAK = YES;
				CLANG_WARN_BLOCK_CAPTURE_AUTORELEASING = YES;
				CLANG_WARN_BOOL_CONVERSION = YES;
				CLANG_WARN_COMMA = YES;
				CLANG_WARN_CONSTANT_CONVERSION = YES;
				CLANG_WARN_DEPRECATED_OBJC_IMPLEMENTATIONS = YES;
				CLANG_WARN_DIRECT_OBJC_ISA_USAGE = YES_ERROR;
				CLANG_WARN_DOCUMENTATION_COMMENTS = YES;
				CLANG_WARN_EMPTY_BODY = YES;
				CLANG_WARN_ENUM_CONVERSION = YES;
				CLANG_WARN_INFINITE_RECURSION = YES;
				CLANG_WARN_INT_CONVERSION = YES;
				CLANG_WARN_NON_LITERAL_NULL_CONVERSION = YES;
				CLANG_WARN_OBJC_IMPLICIT_RETAIN_SELF = YES;
				CLANG_WARN_OBJC_LITERAL_CONVERSION = YES;
				CLANG_WARN_OBJC_ROOT_CLASS = YES_ERROR;
				CLANG_WARN_QUOTED_INCLUDE_IN_FRAMEWORK_HEADER = YES;
				CLANG_WARN_RANGE_LOOP_ANALYSIS = YES;
				CLANG_WARN_STRICT_PROTOTYPES = YES;
				CLANG_WARN_SUSPICIOUS_MOVE = YES;
				CLANG_WARN_UNGUARDED_AVAILABILITY = YES_AGGRESSIVE;
				CLANG_WARN_UNREACHABLE_CODE = YES;
				CLANG_WARN__DUPLICATE_METHOD_MATCH = YES;
				COPY_PHASE_STRIP = NO;
				DEBUG_INFORMATION_FORMAT = dwarf;
				ENABLE_STRICT_OBJC_MSGSEND = YES;
				ENABLE_TESTABILITY = YES;
				ENABLE_USER_SCRIPT_SANDBOXING = YES;
				GCC_C_LANGUAGE_STANDARD = gnu17;
				GCC_DYNAMIC_NO_PIC = NO;
				GCC_NO_COMMON_BLOCKS = YES;
				GCC_OPTIMIZATION_LEVEL = 0;
				GCC_PREPROCESSOR_DEFINITIONS = (
					"DEBUG=1",
					"$(inherited)",
				);
				GCC_WARN_64_TO_32_BIT_CONVERSION = YES;
				GCC_WARN_ABOUT_RETURN_TYPE = YES_ERROR;
				GCC_WARN_UNDECLARED_SELECTOR = YES;
				GCC_WARN_UNINITIALIZED_AUTOS = YES_AGGRESSIVE;
				GCC_WARN_UNUSED_FUNCTION = YES;
				GCC_WARN_UNUSED_VARIABLE = YES;
				IPHONEOS_DEPLOYMENT_TARGET = 17.2;
				LOCALIZATION_PREFERS_STRING_CATALOGS = YES;
				MTL_ENABLE_DEBUG_INFO = INCLUDE_SOURCE;
				MTL_FAST_MATH = YES;
				ONLY_ACTIVE_ARCH = YES;
				SDKROOT = iphoneos;
			};
			name = Debug;
		};
		3FA391372B59486500C2CFB0 /* Release */ = {
			isa = XCBuildConfiguration;
			buildSettings = {
				ALWAYS_SEARCH_USER_PATHS = NO;
				ASSETCATALOG_COMPILER_GENERATE_SWIFT_ASSET_SYMBOL_EXTENSIONS = YES;
				CLANG_ANALYZER_NONNULL = YES;
				CLANG_ANALYZER_NUMBER_OBJECT_CONVERSION = YES_AGGRESSIVE;
				CLANG_CXX_LANGUAGE_STANDARD = "gnu++20";
				CLANG_ENABLE_MODULES = YES;
				CLANG_ENABLE_OBJC_ARC = YES;
				CLANG_ENABLE_OBJC_WEAK = YES;
				CLANG_WARN_BLOCK_CAPTURE_AUTORELEASING = YES;
				CLANG_WARN_BOOL_CONVERSION = YES;
				CLANG_WARN_COMMA = YES;
				CLANG_WARN_CONSTANT_CONVERSION = YES;
				CLANG_WARN_DEPRECATED_OBJC_IMPLEMENTATIONS = YES;
				CLANG_WARN_DIRECT_OBJC_ISA_USAGE = YES_ERROR;
				CLANG_WARN_DOCUMENTATION_COMMENTS = YES;
				CLANG_WARN_EMPTY_BODY = YES;
				CLANG_WARN_ENUM_CONVERSION = YES;
				CLANG_WARN_INFINITE_RECURSION = YES;
				CLANG_WARN_INT_CONVERSION = YES;
				CLANG_WARN_NON_LITERAL_NULL_CONVERSION = YES;
				CLANG_WARN_OBJC_IMPLICIT_RETAIN_SELF = YES;
				CLANG_WARN_OBJC_LITERAL_CONVERSION = YES;
				CLANG_WARN_OBJC_ROOT_CLASS = YES_ERROR;
				CLANG_WARN_QUOTED_INCLUDE_IN_FRAMEWORK_HEADER = YES;
				CLANG_WARN_RANGE_LOOP_ANALYSIS = YES;
				CLANG_WARN_STRICT_PROTOTYPES = YES;
				CLANG_WARN_SUSPICIOUS_MOVE = YES;
				CLANG_WARN_UNGUARDED_AVAILABILITY = YES_AGGRESSIVE;
				CLANG_WARN_UNREACHABLE_CODE = YES;
				CLANG_WARN__DUPLICATE_METHOD_MATCH = YES;
				COPY_PHASE_STRIP = NO;
				DEBUG_INFORMATION_FORMAT = "dwarf-with-dsym";
				ENABLE_NS_ASSERTIONS = NO;
				ENABLE_STRICT_OBJC_MSGSEND = YES;
				ENABLE_USER_SCRIPT_SANDBOXING = YES;
				GCC_C_LANGUAGE_STANDARD = gnu17;
				GCC_NO_COMMON_BLOCKS = YES;
				GCC_WARN_64_TO_32_BIT_CONVERSION = YES;
				GCC_WARN_ABOUT_RETURN_TYPE = YES_ERROR;
				GCC_WARN_UNDECLARED_SELECTOR = YES;
				GCC_WARN_UNINITIALIZED_AUTOS = YES_AGGRESSIVE;
				GCC_WARN_UNUSED_FUNCTION = YES;
				GCC_WARN_UNUSED_VARIABLE = YES;
				IPHONEOS_DEPLOYMENT_TARGET = 17.2;
				LOCALIZATION_PREFERS_STRING_CATALOGS = YES;
				MTL_ENABLE_DEBUG_INFO = NO;
				MTL_FAST_MATH = YES;
				SDKROOT = iphoneos;
				VALIDATE_PRODUCT = YES;
			};
			name = Release;
		};
		3FA391392B59486500C2CFB0 /* Debug */ = {
			isa = XCBuildConfiguration;
			buildSettings = {
				ASSETCATALOG_COMPILER_APPICON_NAME = AppIcon;
				ASSETCATALOG_COMPILER_GLOBAL_ACCENT_COLOR_NAME = AccentColor;
				CODE_SIGN_STYLE = Automatic;
				CURRENT_PROJECT_VERSION = 1;
				GENERATE_INFOPLIST_FILE = YES;
				INFOPLIST_FILE = ios3/Info.plist;
				INFOPLIST_KEY_UIApplicationSupportsIndirectInputEvents = YES;
				INFOPLIST_KEY_UILaunchStoryboardName = LaunchScreen;
				INFOPLIST_KEY_UIMainStoryboardFile = Main;
				INFOPLIST_KEY_UISupportedInterfaceOrientations_iPad = "UIInterfaceOrientationPortrait UIInterfaceOrientationPortraitUpsideDown UIInterfaceOrientationLandscapeLeft UIInterfaceOrientationLandscapeRight";
				INFOPLIST_KEY_UISupportedInterfaceOrientations_iPhone = "UIInterfaceOrientationPortrait UIInterfaceOrientationLandscapeLeft UIInterfaceOrientationLandscapeRight";
				LD_RUNPATH_SEARCH_PATHS = (
					"$(inherited)",
					"@executable_path/Frameworks",
				);
				MARKETING_VERSION = 1.0;
				PRODUCT_BUNDLE_IDENTIFIER = com.wi.pb.edu.ios3;
				PRODUCT_NAME = "$(TARGET_NAME)";
				SWIFT_EMIT_LOC_STRINGS = YES;
				TARGETED_DEVICE_FAMILY = "1,2";
			};
			name = Debug;
		};
		3FA3913A2B59486500C2CFB0 /* Release */ = {
			isa = XCBuildConfiguration;
			buildSettings = {
				ASSETCATALOG_COMPILER_APPICON_NAME = AppIcon;
				ASSETCATALOG_COMPILER_GLOBAL_ACCENT_COLOR_NAME = AccentColor;
				CODE_SIGN_STYLE = Automatic;
				CURRENT_PROJECT_VERSION = 1;
				GENERATE_INFOPLIST_FILE = YES;
				INFOPLIST_FILE = ios3/Info.plist;
				INFOPLIST_KEY_UIApplicationSupportsIndirectInputEvents = YES;
				INFOPLIST_KEY_UILaunchStoryboardName = LaunchScreen;
				INFOPLIST_KEY_UIMainStoryboardFile = Main;
				INFOPLIST_KEY_UISupportedInterfaceOrientations_iPad = "UIInterfaceOrientationPortrait UIInterfaceOrientationPortraitUpsideDown UIInterfaceOrientationLandscapeLeft UIInterfaceOrientationLandscapeRight";
				INFOPLIST_KEY_UISupportedInterfaceOrientations_iPhone = "UIInterfaceOrientationPortrait UIInterfaceOrientationLandscapeLeft UIInterfaceOrientationLandscapeRight";
				LD_RUNPATH_SEARCH_PATHS = (
					"$(inherited)",
					"@executable_path/Frameworks",
				);
				MARKETING_VERSION = 1.0;
				PRODUCT_BUNDLE_IDENTIFIER = com.wi.pb.edu.ios3;
				PRODUCT_NAME = "$(TARGET_NAME)";
				SWIFT_EMIT_LOC_STRINGS = YES;
				TARGETED_DEVICE_FAMILY = "1,2";
			};
			name = Release;
		};
/* End XCBuildConfiguration section */

/* Begin XCConfigurationList section */
		3FA3911A2B59486500C2CFB0 /* Build configuration list for PBXProject "ios3" */ = {
			isa = XCConfigurationList;
			buildConfigurations = (
				3FA391362B59486500C2CFB0 /* Debug */,
				3FA391372B59486500C2CFB0 /* Release */,
			);
			defaultConfigurationIsVisible = 0;
			defaultConfigurationName = Release;
		};
		3FA391382B59486500C2CFB0 /* Build configuration list for PBXNativeTarget "ios3" */ = {
			isa = XCConfigurationList;
			buildConfigurations = (
				3FA391392B59486500C2CFB0 /* Debug */,
				3FA3913A2B59486500C2CFB0 /* Release */,
			);
			defaultConfigurationIsVisible = 0;
			defaultConfigurationName = Release;
		};
/* End XCConfigurationList section */
	};
	rootObject = 3FA391172B59486500C2CFB0 /* Project object */;
}
